
Microsoft Visual Studio Solution File, Format Version 12.00
# Visual Studio Version 17
VisualStudioVersion = 17.0.32014.148
MinimumVisualStudioVersion = 10.0.40219.1
Project("{2150E333-8FDC-42A3-9474-1A3956D46DE8}") = "Src", "Src", "{00E9E1F3-AA23-4A7E-8BE7-C49311F6D0D0}"
EndProject
Project("{2150E333-8FDC-42A3-9474-1A3956D46DE8}") = "Tests", "Tests", "{F8669DF9-BC71-4209-8C66-9EF5D72E4032}"
EndProject
Project("{2150E333-8FDC-42A3-9474-1A3956D46DE8}") = "Core", "Core", "{B22F0477-0691-48DB-BE95-C91160759E8F}"
EndProject
Project("{2150E333-8FDC-42A3-9474-1A3956D46DE8}") = "Infrastructure", "Infrastructure", "{DEBFE69B-474A-4695-B387-C6D77CF03E74}"
EndProject
Project("{2150E333-8FDC-42A3-9474-1A3956D46DE8}") = "Presentation", "Presentation", "{7DAA1F47-97E6-414C-A742-248918446115}"
EndProject
Project("{9A19103F-16F7-4668-BE54-9A1E7A4F7556}") = "Merchant.Application", "Merchant.Application\Merchant.Application.csproj", "{F08B8427-8C4C-430C-BF8B-0E68E6885D75}"
EndProject
Project("{9A19103F-16F7-4668-BE54-9A1E7A4F7556}") = "Merchant.Common", "Merchant.Common\Merchant.Common.csproj", "{491B9E3F-02BF-4B31-B22C-F5E0EBA516FB}"
EndProject
Project("{9A19103F-16F7-4668-BE54-9A1E7A4F7556}") = "Merchant.Domain", "Merchant.Domain\Merchant.Domain.csproj", "{3BB48561-7CC7-4656-A17C-004179C46AD7}"
EndProject
Project("{9A19103F-16F7-4668-BE54-9A1E7A4F7556}") = "Merchant.Persistence", "Merchant.Persistence\Merchant.Persistence.csproj", "{75677F14-2772-4B8B-92CF-CBE00832E024}"
EndProject
Project("{2150E333-8FDC-42A3-9474-1A3956D46DE8}") = "Solution Items", "Solution Items", "{0CCFE00D-92A1-49E4-AAC5-ADE784A5D610}"
	ProjectSection(SolutionItems) = preProject
		.editorconfig = .editorconfig
	EndProjectSection
EndProject
Project("{FAE04EC0-301F-11D3-BF4B-00C04F79EFBC}") = "Merchant.Shared", "Merchant.Shared\Merchant.Shared.csproj", "{90FBC2D9-4A54-4917-9CB1-6C06D9F508ED}"
EndProject
Project("{FAE04EC0-301F-11D3-BF4B-00C04F79EFBC}") = "Merchant.WebApi", "Merchant.WebApi\Merchant.WebApi.csproj", "{189CDD0F-8C9A-4BFB-A2C6-7452A20CB9D3}"
EndProject
Project("{FAE04EC0-301F-11D3-BF4B-00C04F79EFBC}") = "Merchant.Tests", "Merchant.Tests\Merchant.Tests.csproj", "{E83E3B67-F1C8-4D26-B304-3F2C9088B049}"
EndProject
Project("{FAE04EC0-301F-11D3-BF4B-00C04F79EFBC}") = "Merchant.Shared.Tests", "Merchant.Shared.Tests\Merchant.Shared.Tests.csproj", "{131C7201-5EE5-4161-AD13-4E68F11A8E44}"
EndProject
Project("{FAE04EC0-301F-11D3-BF4B-00C04F79EFBC}") = "Merchant.WebApi.Tests", "Merchant.WebApi.Tests\Merchant.WebApi.Tests.csproj", "{8A4D3A9E-FBCF-4726-B85D-8129F1230D7F}"
EndProject
Global
	GlobalSection(SolutionConfigurationPlatforms) = preSolution
		Debug|Any CPU = Debug|Any CPU
		Release|Any CPU = Release|Any CPU
	EndGlobalSection
	GlobalSection(ProjectConfigurationPlatforms) = postSolution
		{F08B8427-8C4C-430C-BF8B-0E68E6885D75}.Debug|Any CPU.ActiveCfg = Debug|Any CPU
		{F08B8427-8C4C-430C-BF8B-0E68E6885D75}.Debug|Any CPU.Build.0 = Debug|Any CPU
		{F08B8427-8C4C-430C-BF8B-0E68E6885D75}.Release|Any CPU.ActiveCfg = Release|Any CPU
		{F08B8427-8C4C-430C-BF8B-0E68E6885D75}.Release|Any CPU.Build.0 = Release|Any CPU
		{491B9E3F-02BF-4B31-B22C-F5E0EBA516FB}.Debug|Any CPU.ActiveCfg = Debug|Any CPU
		{491B9E3F-02BF-4B31-B22C-F5E0EBA516FB}.Debug|Any CPU.Build.0 = Debug|Any CPU
		{491B9E3F-02BF-4B31-B22C-F5E0EBA516FB}.Release|Any CPU.ActiveCfg = Release|Any CPU
		{491B9E3F-02BF-4B31-B22C-F5E0EBA516FB}.Release|Any CPU.Build.0 = Release|Any CPU
		{3BB48561-7CC7-4656-A17C-004179C46AD7}.Debug|Any CPU.ActiveCfg = Debug|Any CPU
		{3BB48561-7CC7-4656-A17C-004179C46AD7}.Debug|Any CPU.Build.0 = Debug|Any CPU
		{3BB48561-7CC7-4656-A17C-004179C46AD7}.Release|Any CPU.ActiveCfg = Release|Any CPU
		{3BB48561-7CC7-4656-A17C-004179C46AD7}.Release|Any CPU.Build.0 = Release|Any CPU
		{75677F14-2772-4B8B-92CF-CBE00832E024}.Debug|Any CPU.ActiveCfg = Debug|Any CPU
		{75677F14-2772-4B8B-92CF-CBE00832E024}.Debug|Any CPU.Build.0 = Debug|Any CPU
		{75677F14-2772-4B8B-92CF-CBE00832E024}.Release|Any CPU.ActiveCfg = Release|Any CPU
		{75677F14-2772-4B8B-92CF-CBE00832E024}.Release|Any CPU.Build.0 = Release|Any CPU
		{90FBC2D9-4A54-4917-9CB1-6C06D9F508ED}.Debug|Any CPU.ActiveCfg = Debug|Any CPU
		{90FBC2D9-4A54-4917-9CB1-6C06D9F508ED}.Debug|Any CPU.Build.0 = Debug|Any CPU
		{90FBC2D9-4A54-4917-9CB1-6C06D9F508ED}.Release|Any CPU.ActiveCfg = Release|Any CPU
		{90FBC2D9-4A54-4917-9CB1-6C06D9F508ED}.Release|Any CPU.Build.0 = Release|Any CPU
		{189CDD0F-8C9A-4BFB-A2C6-7452A20CB9D3}.Debug|Any CPU.ActiveCfg = Debug|Any CPU
		{189CDD0F-8C9A-4BFB-A2C6-7452A20CB9D3}.Debug|Any CPU.Build.0 = Debug|Any CPU
		{189CDD0F-8C9A-4BFB-A2C6-7452A20CB9D3}.Release|Any CPU.ActiveCfg = Release|Any CPU
		{189CDD0F-8C9A-4BFB-A2C6-7452A20CB9D3}.Release|Any CPU.Build.0 = Release|Any CPU
		{E83E3B67-F1C8-4D26-B304-3F2C9088B049}.Debug|Any CPU.ActiveCfg = Debug|Any CPU
		{E83E3B67-F1C8-4D26-B304-3F2C9088B049}.Debug|Any CPU.Build.0 = Debug|Any CPU
		{E83E3B67-F1C8-4D26-B304-3F2C9088B049}.Release|Any CPU.ActiveCfg = Release|Any CPU
		{E83E3B67-F1C8-4D26-B304-3F2C9088B049}.Release|Any CPU.Build.0 = Release|Any CPU
		{131C7201-5EE5-4161-AD13-4E68F11A8E44}.Debug|Any CPU.ActiveCfg = Debug|Any CPU
		{131C7201-5EE5-4161-AD13-4E68F11A8E44}.Debug|Any CPU.Build.0 = Debug|Any CPU
		{131C7201-5EE5-4161-AD13-4E68F11A8E44}.Release|Any CPU.ActiveCfg = Release|Any CPU
		{131C7201-5EE5-4161-AD13-4E68F11A8E44}.Release|Any CPU.Build.0 = Release|Any CPU
		{8A4D3A9E-FBCF-4726-B85D-8129F1230D7F}.Debug|Any CPU.ActiveCfg = Debug|Any CPU
		{8A4D3A9E-FBCF-4726-B85D-8129F1230D7F}.Debug|Any CPU.Build.0 = Debug|Any CPU
		{8A4D3A9E-FBCF-4726-B85D-8129F1230D7F}.Release|Any CPU.ActiveCfg = Release|Any CPU
		{8A4D3A9E-FBCF-4726-B85D-8129F1230D7F}.Release|Any CPU.Build.0 = Release|Any CPU
	EndGlobalSection
	GlobalSection(SolutionProperties) = preSolution
		HideSolutionNode = FALSE
	EndGlobalSection
	GlobalSection(NestedProjects) = preSolution
		{B22F0477-0691-48DB-BE95-C91160759E8F} = {00E9E1F3-AA23-4A7E-8BE7-C49311F6D0D0}
		{DEBFE69B-474A-4695-B387-C6D77CF03E74} = {00E9E1F3-AA23-4A7E-8BE7-C49311F6D0D0}
		{7DAA1F47-97E6-414C-A742-248918446115} = {00E9E1F3-AA23-4A7E-8BE7-C49311F6D0D0}
		{F08B8427-8C4C-430C-BF8B-0E68E6885D75} = {B22F0477-0691-48DB-BE95-C91160759E8F}
		{491B9E3F-02BF-4B31-B22C-F5E0EBA516FB} = {B22F0477-0691-48DB-BE95-C91160759E8F}
		{3BB48561-7CC7-4656-A17C-004179C46AD7} = {B22F0477-0691-48DB-BE95-C91160759E8F}
		{75677F14-2772-4B8B-92CF-CBE00832E024} = {DEBFE69B-474A-4695-B387-C6D77CF03E74}
		{90FBC2D9-4A54-4917-9CB1-6C06D9F508ED} = {7DAA1F47-97E6-414C-A742-248918446115}
		{189CDD0F-8C9A-4BFB-A2C6-7452A20CB9D3} = {7DAA1F47-97E6-414C-A742-248918446115}
		{E83E3B67-F1C8-4D26-B304-3F2C9088B049} = {F8669DF9-BC71-4209-8C66-9EF5D72E4032}
		{131C7201-5EE5-4161-AD13-4E68F11A8E44} = {F8669DF9-BC71-4209-8C66-9EF5D72E4032}
		{8A4D3A9E-FBCF-4726-B85D-8129F1230D7F} = {F8669DF9-BC71-4209-8C66-9EF5D72E4032}
	EndGlobalSection
	GlobalSection(ExtensibilityGlobals) = postSolution
		SolutionGuid = {F4A61F5C-F41E-4406-9AAA-2D7FB5CB9E26}
	EndGlobalSection
EndGlobal
